
Microsoft Visual Studio Solution File, Format Version 12.00
# Visual Studio Version 16
VisualStudioVersion = 16.0.31005.135
MinimumVisualStudioVersion = 10.0.40219.1
Project("{535C04D7-A2A5-47C7-83E0-B340A995CD1F}") = "FinalProjectCOBOL", "FinalProjectCOBOL.cblproj", "{E8976C1E-630F-4046-8EBB-8DDCDDB10E9A}"
EndProject
Project("{535C04D7-A2A5-47C7-83E0-B340A995CD1F}") = "Program2DataSplitAndCount", "Program2DataSplitAndCount\Program2DataSplitAndCount.cblproj", "{56DA0C3E-4ED3-4AA6-AD07-523F4C207726}"
EndProject
Project("{535C04D7-A2A5-47C7-83E0-B340A995CD1F}") = "Program1ErrorReport", "Program1ErrorReport\Program1ErrorReport.cblproj", "{8350E008-E8B2-4182-B86E-1B1A2DFD229F}"
EndProject
Global
	GlobalSection(SolutionConfigurationPlatforms) = preSolution
		Debug|Any CPU = Debug|Any CPU
		Release|Any CPU = Release|Any CPU
	EndGlobalSection
	GlobalSection(ProjectConfigurationPlatforms) = postSolution
		{E8976C1E-630F-4046-8EBB-8DDCDDB10E9A}.Debug|Any CPU.ActiveCfg = Debug|Any CPU
		{E8976C1E-630F-4046-8EBB-8DDCDDB10E9A}.Debug|Any CPU.Build.0 = Debug|Any CPU
		{E8976C1E-630F-4046-8EBB-8DDCDDB10E9A}.Release|Any CPU.ActiveCfg = Release|Any CPU
		{E8976C1E-630F-4046-8EBB-8DDCDDB10E9A}.Release|Any CPU.Build.0 = Release|Any CPU
		{56DA0C3E-4ED3-4AA6-AD07-523F4C207726}.Debug|Any CPU.ActiveCfg = Debug|Any CPU
		{56DA0C3E-4ED3-4AA6-AD07-523F4C207726}.Debug|Any CPU.Build.0 = Debug|Any CPU
		{56DA0C3E-4ED3-4AA6-AD07-523F4C207726}.Release|Any CPU.ActiveCfg = Release|Any CPU
		{56DA0C3E-4ED3-4AA6-AD07-523F4C207726}.Release|Any CPU.Build.0 = Release|Any CPU
		{8350E008-E8B2-4182-B86E-1B1A2DFD229F}.Debug|Any CPU.ActiveCfg = Debug|Any CPU
		{8350E008-E8B2-4182-B86E-1B1A2DFD229F}.Debug|Any CPU.Build.0 = Debug|Any CPU
		{8350E008-E8B2-4182-B86E-1B1A2DFD229F}.Release|Any CPU.ActiveCfg = Release|Any CPU
		{8350E008-E8B2-4182-B86E-1B1A2DFD229F}.Release|Any CPU.Build.0 = Release|Any CPU
	EndGlobalSection
	GlobalSection(SolutionProperties) = preSolution
		HideSolutionNode = FALSE
	EndGlobalSection
	GlobalSection(ExtensibilityGlobals) = postSolution
		SolutionGuid = {DF35A665-4CA7-4AF7-99A4-686C7ED1E859}
	EndGlobalSection
EndGlobal
